
Microsoft Visual Studio Solution File, Format Version 12.00
# Visual Studio Version 16
VisualStudioVersion = 16.0.36107.64
MinimumVisualStudioVersion = 10.0.40219.1
Project("{FAE04EC0-301F-11D3-BF4B-00C04F79EFBC}") = "CPTodoApp", "CPTodoApp\CPTodoApp.csproj", "{3BA09B9B-AB40-4BB6-9D56-08E769ADA9DF}"
EndProject
Global
	GlobalSection(SolutionConfigurationPlatforms) = preSolution
		Debug|Any CPU = Debug|Any CPU
		Release|Any CPU = Release|Any CPU
	EndGlobalSection
	GlobalSection(ProjectConfigurationPlatforms) = postSolution
		{3BA09B9B-AB40-4BB6-9D56-08E769ADA9DF}.Debug|Any CPU.ActiveCfg = Debug|Any CPU
		{3BA09B9B-AB40-4BB6-9D56-08E769ADA9DF}.Debug|Any CPU.Build.0 = Debug|Any CPU
		{3BA09B9B-AB40-4BB6-9D56-08E769ADA9DF}.Release|Any CPU.ActiveCfg = Release|Any CPU
		{3BA09B9B-AB40-4BB6-9D56-08E769ADA9DF}.Release|Any CPU.Build.0 = Release|Any CPU
	EndGlobalSection
	GlobalSection(SolutionProperties) = preSolution
		HideSolutionNode = FALSE
	EndGlobalSection
	GlobalSection(ExtensibilityGlobals) = postSolution
		SolutionGuid = {0EC4B97C-AB1E-4799-91C3-AA22ECACAA4D}
	EndGlobalSection
EndGlobal
